// !$*UTF8*$!
{
	archiveVersion = 1;
	classes = {
	};
	objectVersion = 50;
	objects = {

/* Begin PBXBuildFile section */
		220EDC2021569E9F006ABC95 /* AppDelegate.swift in Sources */ = {isa = PBXBuildFile; fileRef = 220EDC1F21569E9F006ABC95 /* AppDelegate.swift */; };
		220EDC2521569E9F006ABC95 /* Main.storyboard in Resources */ = {isa = PBXBuildFile; fileRef = 220EDC2321569E9F006ABC95 /* Main.storyboard */; };
		220EDC2721569EA1006ABC95 /* Assets.xcassets in Resources */ = {isa = PBXBuildFile; fileRef = 220EDC2621569EA1006ABC95 /* Assets.xcassets */; };
		220EDC2A21569EA1006ABC95 /* LaunchScreen.storyboard in Resources */ = {isa = PBXBuildFile; fileRef = 220EDC2821569EA1006ABC95 /* LaunchScreen.storyboard */; };
		220EDC3221590C11006ABC95 /* LoginAndSignUp.storyboard in Resources */ = {isa = PBXBuildFile; fileRef = 220EDC3121590C11006ABC95 /* LoginAndSignUp.storyboard */; };
		220EDC362159194C006ABC95 /* Flashcards.xcdatamodeld in Sources */ = {isa = PBXBuildFile; fileRef = 220EDC342159194C006ABC95 /* Flashcards.xcdatamodeld */; };
		220EDC3B21591997006ABC95 /* OrganizerRep.swift in Sources */ = {isa = PBXBuildFile; fileRef = 220EDC3A21591997006ABC95 /* OrganizerRep.swift */; };
		220EDC3F215919A3006ABC95 /* CardRep.swift in Sources */ = {isa = PBXBuildFile; fileRef = 220EDC3E215919A3006ABC95 /* CardRep.swift */; };
		220EDC432159249F006ABC95 /* OrganizerController.swift in Sources */ = {isa = PBXBuildFile; fileRef = 220EDC422159249E006ABC95 /* OrganizerController.swift */; };
		220EDC47215928BA006ABC95 /* CardController.swift in Sources */ = {isa = PBXBuildFile; fileRef = 220EDC46215928BA006ABC95 /* CardController.swift */; };
		220EDC49215929E4006ABC95 /* CoreDataStack.swift in Sources */ = {isa = PBXBuildFile; fileRef = 220EDC48215929E4006ABC95 /* CoreDataStack.swift */; };
		220EDC4B21592B29006ABC95 /* Organizer+Convenience.swift in Sources */ = {isa = PBXBuildFile; fileRef = 220EDC4A21592B29006ABC95 /* Organizer+Convenience.swift */; };
		220EDC4F21592B52006ABC95 /* Card+Convenience.swift in Sources */ = {isa = PBXBuildFile; fileRef = 220EDC4E21592B52006ABC95 /* Card+Convenience.swift */; };
		220EDC51215959CD006ABC95 /* NetworkDataLoader.swift in Sources */ = {isa = PBXBuildFile; fileRef = 220EDC50215959CD006ABC95 /* NetworkDataLoader.swift */; };
		220EDC542159684F006ABC95 /* GoogleService-Info.plist in Resources */ = {isa = PBXBuildFile; fileRef = 220EDC532159684F006ABC95 /* GoogleService-Info.plist */; };
		220EDC58215A72EB006ABC95 /* Organizer+Encodable.swift in Sources */ = {isa = PBXBuildFile; fileRef = 220EDC57215A72EB006ABC95 /* Organizer+Encodable.swift */; };
		220EDC5C215A72FB006ABC95 /* Card+Encodable.swift in Sources */ = {isa = PBXBuildFile; fileRef = 220EDC5B215A72FB006ABC95 /* Card+Encodable.swift */; };
		220EDC5F215A9922006ABC95 /* LoginViewController.swift in Sources */ = {isa = PBXBuildFile; fileRef = 220EDC5E215A9922006ABC95 /* LoginViewController.swift */; };
		220EDC61215A99CD006ABC95 /* SignUpViewController.swift in Sources */ = {isa = PBXBuildFile; fileRef = 220EDC60215A99CD006ABC95 /* SignUpViewController.swift */; };
		220EDC63215AA69B006ABC95 /* Settings.storyboard in Resources */ = {isa = PBXBuildFile; fileRef = 220EDC62215AA69B006ABC95 /* Settings.storyboard */; };
		220EDC65215AA83C006ABC95 /* SettingsAlertController.swift in Sources */ = {isa = PBXBuildFile; fileRef = 220EDC64215AA83C006ABC95 /* SettingsAlertController.swift */; };
		220EDC67215AB0A4006ABC95 /* GroupCollectionViewController.swift in Sources */ = {isa = PBXBuildFile; fileRef = 220EDC66215AB0A4006ABC95 /* GroupCollectionViewController.swift */; };
		220EDC6B215ACCB7006ABC95 /* SetCollectionViewController.swift in Sources */ = {isa = PBXBuildFile; fileRef = 220EDC6A215ACCB7006ABC95 /* SetCollectionViewController.swift */; };
		220EDC6D215BC0CA006ABC95 /* MockDataLoader.swift in Sources */ = {isa = PBXBuildFile; fileRef = 220EDC6C215BC0CA006ABC95 /* MockDataLoader.swift */; };
		220EDC6F215BCC76006ABC95 /* CreateOrganizerAlert.storyboard in Resources */ = {isa = PBXBuildFile; fileRef = 220EDC6E215BCC76006ABC95 /* CreateOrganizerAlert.storyboard */; };
		220EDC71215BF6B1006ABC95 /* CreateOrganizerAlertController.swift in Sources */ = {isa = PBXBuildFile; fileRef = 220EDC70215BF6B1006ABC95 /* CreateOrganizerAlertController.swift */; };
		220EDC75215C8466006ABC95 /* CardCollectionViewCell.swift in Sources */ = {isa = PBXBuildFile; fileRef = 220EDC74215C8466006ABC95 /* CardCollectionViewCell.swift */; };
		220EDC77215CEAC0006ABC95 /* CardDetailViewController.swift in Sources */ = {isa = PBXBuildFile; fileRef = 220EDC76215CEAC0006ABC95 /* CardDetailViewController.swift */; };
		228FFCBF215D0BC800D82889 /* NoParentGroupCollectionViewCell.swift in Sources */ = {isa = PBXBuildFile; fileRef = 228FFCBE215D0BC800D82889 /* NoParentGroupCollectionViewCell.swift */; };
		228FFCC1215D0BED00D82889 /* NoParentSetCollectionViewCell.swift in Sources */ = {isa = PBXBuildFile; fileRef = 228FFCC0215D0BED00D82889 /* NoParentSetCollectionViewCell.swift */; };
		228FFCC3215D0BF700D82889 /* GroupCollectionViewCell.swift in Sources */ = {isa = PBXBuildFile; fileRef = 228FFCC2215D0BF700D82889 /* GroupCollectionViewCell.swift */; };
		228FFCC5215D0C0400D82889 /* SetCollectionViewCell.swift in Sources */ = {isa = PBXBuildFile; fileRef = 228FFCC4215D0C0400D82889 /* SetCollectionViewCell.swift */; };
		228FFCC7215D58C900D82889 /* AppearanceHelper.swift in Sources */ = {isa = PBXBuildFile; fileRef = 228FFCC6215D58C900D82889 /* AppearanceHelper.swift */; };
		228FFCC9215D62D800D82889 /* AuthenticationViewController.swift in Sources */ = {isa = PBXBuildFile; fileRef = 228FFCC8215D62D800D82889 /* AuthenticationViewController.swift */; };
		8056EF3DA093F5C883E78784 /* Pods_Flashcards.framework in Frameworks */ = {isa = PBXBuildFile; fileRef = 90AB8F3F22409280FCCEA15A /* Pods_Flashcards.framework */; };
/* End PBXBuildFile section */

/* Begin PBXFileReference section */
		220EDC1C21569E9F006ABC95 /* Flashcards.app */ = {isa = PBXFileReference; explicitFileType = wrapper.application; includeInIndex = 0; path = Flashcards.app; sourceTree = BUILT_PRODUCTS_DIR; };
		220EDC1F21569E9F006ABC95 /* AppDelegate.swift */ = {isa = PBXFileReference; lastKnownFileType = sourcecode.swift; path = AppDelegate.swift; sourceTree = "<group>"; };
		220EDC2421569E9F006ABC95 /* Base */ = {isa = PBXFileReference; lastKnownFileType = file.storyboard; name = Base; path = Base.lproj/Main.storyboard; sourceTree = "<group>"; };
		220EDC2621569EA1006ABC95 /* Assets.xcassets */ = {isa = PBXFileReference; lastKnownFileType = folder.assetcatalog; path = Assets.xcassets; sourceTree = "<group>"; };
		220EDC2921569EA1006ABC95 /* Base */ = {isa = PBXFileReference; lastKnownFileType = file.storyboard; name = Base; path = Base.lproj/LaunchScreen.storyboard; sourceTree = "<group>"; };
		220EDC2B21569EA1006ABC95 /* Info.plist */ = {isa = PBXFileReference; lastKnownFileType = text.plist.xml; path = Info.plist; sourceTree = "<group>"; };
		220EDC3121590C11006ABC95 /* LoginAndSignUp.storyboard */ = {isa = PBXFileReference; lastKnownFileType = file.storyboard; path = LoginAndSignUp.storyboard; sourceTree = "<group>"; };
		220EDC352159194C006ABC95 /* Flashcards.xcdatamodel */ = {isa = PBXFileReference; lastKnownFileType = wrapper.xcdatamodel; path = Flashcards.xcdatamodel; sourceTree = "<group>"; };
		220EDC3A21591997006ABC95 /* OrganizerRep.swift */ = {isa = PBXFileReference; lastKnownFileType = sourcecode.swift; path = OrganizerRep.swift; sourceTree = "<group>"; };
		220EDC3E215919A3006ABC95 /* CardRep.swift */ = {isa = PBXFileReference; lastKnownFileType = sourcecode.swift; path = CardRep.swift; sourceTree = "<group>"; };
		220EDC422159249E006ABC95 /* OrganizerController.swift */ = {isa = PBXFileReference; lastKnownFileType = sourcecode.swift; path = OrganizerController.swift; sourceTree = "<group>"; };
		220EDC46215928BA006ABC95 /* CardController.swift */ = {isa = PBXFileReference; lastKnownFileType = sourcecode.swift; path = CardController.swift; sourceTree = "<group>"; };
		220EDC48215929E4006ABC95 /* CoreDataStack.swift */ = {isa = PBXFileReference; lastKnownFileType = sourcecode.swift; path = CoreDataStack.swift; sourceTree = "<group>"; };
		220EDC4A21592B29006ABC95 /* Organizer+Convenience.swift */ = {isa = PBXFileReference; lastKnownFileType = sourcecode.swift; path = "Organizer+Convenience.swift"; sourceTree = "<group>"; };
		220EDC4E21592B52006ABC95 /* Card+Convenience.swift */ = {isa = PBXFileReference; lastKnownFileType = sourcecode.swift; path = "Card+Convenience.swift"; sourceTree = "<group>"; };
		220EDC50215959CD006ABC95 /* NetworkDataLoader.swift */ = {isa = PBXFileReference; lastKnownFileType = sourcecode.swift; path = NetworkDataLoader.swift; sourceTree = "<group>"; };
		220EDC532159684F006ABC95 /* GoogleService-Info.plist */ = {isa = PBXFileReference; fileEncoding = 4; lastKnownFileType = text.plist.xml; path = "GoogleService-Info.plist"; sourceTree = "<group>"; };
		220EDC57215A72EB006ABC95 /* Organizer+Encodable.swift */ = {isa = PBXFileReference; lastKnownFileType = sourcecode.swift; path = "Organizer+Encodable.swift"; sourceTree = "<group>"; };
		220EDC5B215A72FB006ABC95 /* Card+Encodable.swift */ = {isa = PBXFileReference; lastKnownFileType = sourcecode.swift; path = "Card+Encodable.swift"; sourceTree = "<group>"; };
		220EDC5E215A9922006ABC95 /* LoginViewController.swift */ = {isa = PBXFileReference; lastKnownFileType = sourcecode.swift; path = LoginViewController.swift; sourceTree = "<group>"; };
		220EDC60215A99CD006ABC95 /* SignUpViewController.swift */ = {isa = PBXFileReference; lastKnownFileType = sourcecode.swift; path = SignUpViewController.swift; sourceTree = "<group>"; };
		220EDC62215AA69B006ABC95 /* Settings.storyboard */ = {isa = PBXFileReference; lastKnownFileType = file.storyboard; path = Settings.storyboard; sourceTree = "<group>"; };
		220EDC64215AA83C006ABC95 /* SettingsAlertController.swift */ = {isa = PBXFileReference; lastKnownFileType = sourcecode.swift; path = SettingsAlertController.swift; sourceTree = "<group>"; };
		220EDC66215AB0A4006ABC95 /* GroupCollectionViewController.swift */ = {isa = PBXFileReference; lastKnownFileType = sourcecode.swift; path = GroupCollectionViewController.swift; sourceTree = "<group>"; };
		220EDC6A215ACCB7006ABC95 /* SetCollectionViewController.swift */ = {isa = PBXFileReference; lastKnownFileType = sourcecode.swift; path = SetCollectionViewController.swift; sourceTree = "<group>"; };
		220EDC6C215BC0CA006ABC95 /* MockDataLoader.swift */ = {isa = PBXFileReference; lastKnownFileType = sourcecode.swift; path = MockDataLoader.swift; sourceTree = "<group>"; };
		220EDC6E215BCC76006ABC95 /* CreateOrganizerAlert.storyboard */ = {isa = PBXFileReference; lastKnownFileType = file.storyboard; path = CreateOrganizerAlert.storyboard; sourceTree = "<group>"; };
		220EDC70215BF6B1006ABC95 /* CreateOrganizerAlertController.swift */ = {isa = PBXFileReference; lastKnownFileType = sourcecode.swift; path = CreateOrganizerAlertController.swift; sourceTree = "<group>"; };
		220EDC74215C8466006ABC95 /* CardCollectionViewCell.swift */ = {isa = PBXFileReference; lastKnownFileType = sourcecode.swift; path = CardCollectionViewCell.swift; sourceTree = "<group>"; };
		220EDC76215CEAC0006ABC95 /* CardDetailViewController.swift */ = {isa = PBXFileReference; lastKnownFileType = sourcecode.swift; path = CardDetailViewController.swift; sourceTree = "<group>"; };
		228FFCBE215D0BC800D82889 /* NoParentGroupCollectionViewCell.swift */ = {isa = PBXFileReference; lastKnownFileType = sourcecode.swift; path = NoParentGroupCollectionViewCell.swift; sourceTree = "<group>"; };
		228FFCC0215D0BED00D82889 /* NoParentSetCollectionViewCell.swift */ = {isa = PBXFileReference; lastKnownFileType = sourcecode.swift; path = NoParentSetCollectionViewCell.swift; sourceTree = "<group>"; };
		228FFCC2215D0BF700D82889 /* GroupCollectionViewCell.swift */ = {isa = PBXFileReference; lastKnownFileType = sourcecode.swift; path = GroupCollectionViewCell.swift; sourceTree = "<group>"; };
		228FFCC4215D0C0400D82889 /* SetCollectionViewCell.swift */ = {isa = PBXFileReference; lastKnownFileType = sourcecode.swift; path = SetCollectionViewCell.swift; sourceTree = "<group>"; };
		228FFCC6215D58C900D82889 /* AppearanceHelper.swift */ = {isa = PBXFileReference; lastKnownFileType = sourcecode.swift; path = AppearanceHelper.swift; sourceTree = "<group>"; };
		228FFCC8215D62D800D82889 /* AuthenticationViewController.swift */ = {isa = PBXFileReference; lastKnownFileType = sourcecode.swift; path = AuthenticationViewController.swift; sourceTree = "<group>"; };
		90AB8F3F22409280FCCEA15A /* Pods_Flashcards.framework */ = {isa = PBXFileReference; explicitFileType = wrapper.framework; includeInIndex = 0; path = Pods_Flashcards.framework; sourceTree = BUILT_PRODUCTS_DIR; };
		C2C7E74E99AC9317367C38DF /* Pods-Flashcards.release.xcconfig */ = {isa = PBXFileReference; includeInIndex = 1; lastKnownFileType = text.xcconfig; name = "Pods-Flashcards.release.xcconfig"; path = "Pods/Target Support Files/Pods-Flashcards/Pods-Flashcards.release.xcconfig"; sourceTree = "<group>"; };
		C6DD4F0E37DB3BE61EB7754D /* Pods-Flashcards.debug.xcconfig */ = {isa = PBXFileReference; includeInIndex = 1; lastKnownFileType = text.xcconfig; name = "Pods-Flashcards.debug.xcconfig"; path = "Pods/Target Support Files/Pods-Flashcards/Pods-Flashcards.debug.xcconfig"; sourceTree = "<group>"; };
/* End PBXFileReference section */

/* Begin PBXFrameworksBuildPhase section */
		220EDC1921569E9F006ABC95 /* Frameworks */ = {
			isa = PBXFrameworksBuildPhase;
			buildActionMask = 2147483647;
			files = (
				8056EF3DA093F5C883E78784 /* Pods_Flashcards.framework in Frameworks */,
			);
			runOnlyForDeploymentPostprocessing = 0;
		};
/* End PBXFrameworksBuildPhase section */

/* Begin PBXGroup section */
		220EDC1321569E9F006ABC95 = {
			isa = PBXGroup;
			children = (
				220EDC1E21569E9F006ABC95 /* Flashcards */,
				220EDC1D21569E9F006ABC95 /* Products */,
				DF57F298A43DB69B76480DFC /* Pods */,
				754843C0AB06FE594BF4CEAB /* Frameworks */,
			);
			sourceTree = "<group>";
		};
		220EDC1D21569E9F006ABC95 /* Products */ = {
			isa = PBXGroup;
			children = (
				220EDC1C21569E9F006ABC95 /* Flashcards.app */,
			);
			name = Products;
			sourceTree = "<group>";
		};
		220EDC1E21569E9F006ABC95 /* Flashcards */ = {
			isa = PBXGroup;
			children = (
				228FFCC6215D58C900D82889 /* AppearanceHelper.swift */,
				220EDC3721591955006ABC95 /* CoreData */,
				220EDC3821591966006ABC95 /* Model Representations */,
				220EDC52215959D7006ABC95 /* Networking */,
				220EDC3921591974006ABC95 /* Model Controllers */,
				220EDC5D215A98F9006ABC95 /* View Controllers */,
				220EDC3321591911006ABC95 /* Storyboards */,
				220EDC2621569EA1006ABC95 /* Assets.xcassets */,
				220EDC1F21569E9F006ABC95 /* AppDelegate.swift */,
				220EDC2821569EA1006ABC95 /* LaunchScreen.storyboard */,
				220EDC2B21569EA1006ABC95 /* Info.plist */,
				220EDC532159684F006ABC95 /* GoogleService-Info.plist */,
			);
			path = Flashcards;
			sourceTree = "<group>";
		};
		220EDC3321591911006ABC95 /* Storyboards */ = {
			isa = PBXGroup;
			children = (
				220EDC3121590C11006ABC95 /* LoginAndSignUp.storyboard */,
				220EDC2321569E9F006ABC95 /* Main.storyboard */,
				220EDC62215AA69B006ABC95 /* Settings.storyboard */,
				220EDC6E215BCC76006ABC95 /* CreateOrganizerAlert.storyboard */,
			);
			path = Storyboards;
			sourceTree = "<group>";
		};
		220EDC3721591955006ABC95 /* CoreData */ = {
			isa = PBXGroup;
			children = (
				220EDC342159194C006ABC95 /* Flashcards.xcdatamodeld */,
				220EDC48215929E4006ABC95 /* CoreDataStack.swift */,
				220EDC55215A72C4006ABC95 /* Convenience Initializers */,
				220EDC56215A72DD006ABC95 /* Encodable */,
			);
			path = CoreData;
			sourceTree = "<group>";
		};
		220EDC3821591966006ABC95 /* Model Representations */ = {
			isa = PBXGroup;
			children = (
				220EDC3A21591997006ABC95 /* OrganizerRep.swift */,
				220EDC3E215919A3006ABC95 /* CardRep.swift */,
			);
			path = "Model Representations";
			sourceTree = "<group>";
		};
		220EDC3921591974006ABC95 /* Model Controllers */ = {
			isa = PBXGroup;
			children = (
				220EDC422159249E006ABC95 /* OrganizerController.swift */,
				220EDC46215928BA006ABC95 /* CardController.swift */,
			);
			path = "Model Controllers";
			sourceTree = "<group>";
		};
		220EDC52215959D7006ABC95 /* Networking */ = {
			isa = PBXGroup;
			children = (
				220EDC50215959CD006ABC95 /* NetworkDataLoader.swift */,
				220EDC6C215BC0CA006ABC95 /* MockDataLoader.swift */,
			);
			path = Networking;
			sourceTree = "<group>";
		};
		220EDC55215A72C4006ABC95 /* Convenience Initializers */ = {
			isa = PBXGroup;
			children = (
				220EDC4A21592B29006ABC95 /* Organizer+Convenience.swift */,
				220EDC4E21592B52006ABC95 /* Card+Convenience.swift */,
			);
			path = "Convenience Initializers";
			sourceTree = "<group>";
		};
		220EDC56215A72DD006ABC95 /* Encodable */ = {
			isa = PBXGroup;
			children = (
				220EDC57215A72EB006ABC95 /* Organizer+Encodable.swift */,
				220EDC5B215A72FB006ABC95 /* Card+Encodable.swift */,
			);
			path = Encodable;
			sourceTree = "<group>";
		};
		220EDC5D215A98F9006ABC95 /* View Controllers */ = {
			isa = PBXGroup;
			children = (
				228FFCC8215D62D800D82889 /* AuthenticationViewController.swift */,
				220EDC5E215A9922006ABC95 /* LoginViewController.swift */,
				220EDC60215A99CD006ABC95 /* SignUpViewController.swift */,
				220EDC64215AA83C006ABC95 /* SettingsAlertController.swift */,
				220EDC70215BF6B1006ABC95 /* CreateOrganizerAlertController.swift */,
				220EDC66215AB0A4006ABC95 /* GroupCollectionViewController.swift */,
				220EDC6A215ACCB7006ABC95 /* SetCollectionViewController.swift */,
				220EDC76215CEAC0006ABC95 /* CardDetailViewController.swift */,
				228FFCBD215D0B8D00D82889 /* Collection View Cells */,
			);
			path = "View Controllers";
			sourceTree = "<group>";
		};
		228FFCBD215D0B8D00D82889 /* Collection View Cells */ = {
			isa = PBXGroup;
			children = (
				228FFCBE215D0BC800D82889 /* NoParentGroupCollectionViewCell.swift */,
				228FFCC0215D0BED00D82889 /* NoParentSetCollectionViewCell.swift */,
				228FFCC2215D0BF700D82889 /* GroupCollectionViewCell.swift */,
				228FFCC4215D0C0400D82889 /* SetCollectionViewCell.swift */,
				220EDC74215C8466006ABC95 /* CardCollectionViewCell.swift */,
			);
			path = "Collection View Cells";
			sourceTree = "<group>";
		};
		754843C0AB06FE594BF4CEAB /* Frameworks */ = {
			isa = PBXGroup;
			children = (
				90AB8F3F22409280FCCEA15A /* Pods_Flashcards.framework */,
			);
			name = Frameworks;
			sourceTree = "<group>";
		};
		DF57F298A43DB69B76480DFC /* Pods */ = {
			isa = PBXGroup;
			children = (
				C6DD4F0E37DB3BE61EB7754D /* Pods-Flashcards.debug.xcconfig */,
				C2C7E74E99AC9317367C38DF /* Pods-Flashcards.release.xcconfig */,
			);
			name = Pods;
			sourceTree = "<group>";
		};
/* End PBXGroup section */

/* Begin PBXNativeTarget section */
		220EDC1B21569E9F006ABC95 /* Flashcards */ = {
			isa = PBXNativeTarget;
			buildConfigurationList = 220EDC2E21569EA1006ABC95 /* Build configuration list for PBXNativeTarget "Flashcards" */;
			buildPhases = (
				FD7191A3029E4BA5BA98F43F /* [CP] Check Pods Manifest.lock */,
				220EDC1821569E9F006ABC95 /* Sources */,
				220EDC1921569E9F006ABC95 /* Frameworks */,
				220EDC1A21569E9F006ABC95 /* Resources */,
				CA49D8777BFD5330C5CE0A34 /* [CP] Embed Pods Frameworks */,
			);
			buildRules = (
			);
			dependencies = (
			);
			name = Flashcards;
			productName = Flashcards;
			productReference = 220EDC1C21569E9F006ABC95 /* Flashcards.app */;
			productType = "com.apple.product-type.application";
		};
/* End PBXNativeTarget section */

/* Begin PBXProject section */
		220EDC1421569E9F006ABC95 /* Project object */ = {
			isa = PBXProject;
			attributes = {
				LastSwiftUpdateCheck = 1000;
				LastUpgradeCheck = 1000;
				ORGANIZATIONNAME = "Samantha Gatt";
				TargetAttributes = {
					220EDC1B21569E9F006ABC95 = {
						CreatedOnToolsVersion = 10.0;
					};
				};
			};
			buildConfigurationList = 220EDC1721569E9F006ABC95 /* Build configuration list for PBXProject "Flashcards" */;
			compatibilityVersion = "Xcode 9.3";
			developmentRegion = en;
			hasScannedForEncodings = 0;
			knownRegions = (
				en,
				Base,
			);
			mainGroup = 220EDC1321569E9F006ABC95;
			productRefGroup = 220EDC1D21569E9F006ABC95 /* Products */;
			projectDirPath = "";
			projectRoot = "";
			targets = (
				220EDC1B21569E9F006ABC95 /* Flashcards */,
			);
		};
/* End PBXProject section */

/* Begin PBXResourcesBuildPhase section */
		220EDC1A21569E9F006ABC95 /* Resources */ = {
			isa = PBXResourcesBuildPhase;
			buildActionMask = 2147483647;
			files = (
				220EDC2A21569EA1006ABC95 /* LaunchScreen.storyboard in Resources */,
				220EDC2721569EA1006ABC95 /* Assets.xcassets in Resources */,
				220EDC6F215BCC76006ABC95 /* CreateOrganizerAlert.storyboard in Resources */,
				220EDC542159684F006ABC95 /* GoogleService-Info.plist in Resources */,
				220EDC63215AA69B006ABC95 /* Settings.storyboard in Resources */,
				220EDC3221590C11006ABC95 /* LoginAndSignUp.storyboard in Resources */,
				220EDC2521569E9F006ABC95 /* Main.storyboard in Resources */,
			);
			runOnlyForDeploymentPostprocessing = 0;
		};
/* End PBXResourcesBuildPhase section */

/* Begin PBXShellScriptBuildPhase section */
		CA49D8777BFD5330C5CE0A34 /* [CP] Embed Pods Frameworks */ = {
			isa = PBXShellScriptBuildPhase;
			buildActionMask = 2147483647;
			files = (
			);
			inputFileListPaths = (
			);
			inputPaths = (
				"${SRCROOT}/Pods/Target Support Files/Pods-Flashcards/Pods-Flashcards-frameworks.sh",
				"${BUILT_PRODUCTS_DIR}/GTMSessionFetcher/GTMSessionFetcher.framework",
				"${BUILT_PRODUCTS_DIR}/GoogleUtilities/GoogleUtilities.framework",
				"${BUILT_PRODUCTS_DIR}/nanopb/nanopb.framework",
			);
			name = "[CP] Embed Pods Frameworks";
			outputFileListPaths = (
			);
			outputPaths = (
				"${TARGET_BUILD_DIR}/${FRAMEWORKS_FOLDER_PATH}/GTMSessionFetcher.framework",
				"${TARGET_BUILD_DIR}/${FRAMEWORKS_FOLDER_PATH}/GoogleUtilities.framework",
				"${TARGET_BUILD_DIR}/${FRAMEWORKS_FOLDER_PATH}/nanopb.framework",
			);
			runOnlyForDeploymentPostprocessing = 0;
			shellPath = /bin/sh;
			shellScript = "\"${SRCROOT}/Pods/Target Support Files/Pods-Flashcards/Pods-Flashcards-frameworks.sh\"\n";
			showEnvVarsInLog = 0;
		};
		FD7191A3029E4BA5BA98F43F /* [CP] Check Pods Manifest.lock */ = {
			isa = PBXShellScriptBuildPhase;
			buildActionMask = 2147483647;
			files = (
			);
			inputFileListPaths = (
			);
			inputPaths = (
				"${PODS_PODFILE_DIR_PATH}/Podfile.lock",
				"${PODS_ROOT}/Manifest.lock",
			);
			name = "[CP] Check Pods Manifest.lock";
			outputFileListPaths = (
			);
			outputPaths = (
				"$(DERIVED_FILE_DIR)/Pods-Flashcards-checkManifestLockResult.txt",
			);
			runOnlyForDeploymentPostprocessing = 0;
			shellPath = /bin/sh;
			shellScript = "diff \"${PODS_PODFILE_DIR_PATH}/Podfile.lock\" \"${PODS_ROOT}/Manifest.lock\" > /dev/null\nif [ $? != 0 ] ; then\n    # print error to STDERR\n    echo \"error: The sandbox is not in sync with the Podfile.lock. Run 'pod install' or update your CocoaPods installation.\" >&2\n    exit 1\nfi\n# This output is used by Xcode 'outputs' to avoid re-running this script phase.\necho \"SUCCESS\" > \"${SCRIPT_OUTPUT_FILE_0}\"\n";
			showEnvVarsInLog = 0;
		};
/* End PBXShellScriptBuildPhase section */

/* Begin PBXSourcesBuildPhase section */
		220EDC1821569E9F006ABC95 /* Sources */ = {
			isa = PBXSourcesBuildPhase;
			buildActionMask = 2147483647;
			files = (
				220EDC5C215A72FB006ABC95 /* Card+Encodable.swift in Sources */,
				220EDC58215A72EB006ABC95 /* Organizer+Encodable.swift in Sources */,
				220EDC4B21592B29006ABC95 /* Organizer+Convenience.swift in Sources */,
				220EDC432159249F006ABC95 /* OrganizerController.swift in Sources */,
				228FFCC9215D62D800D82889 /* AuthenticationViewController.swift in Sources */,
				220EDC61215A99CD006ABC95 /* SignUpViewController.swift in Sources */,
				220EDC51215959CD006ABC95 /* NetworkDataLoader.swift in Sources */,
				220EDC6D215BC0CA006ABC95 /* MockDataLoader.swift in Sources */,
				220EDC3B21591997006ABC95 /* OrganizerRep.swift in Sources */,
				220EDC75215C8466006ABC95 /* CardCollectionViewCell.swift in Sources */,
				228FFCC1215D0BED00D82889 /* NoParentSetCollectionViewCell.swift in Sources */,
				220EDC49215929E4006ABC95 /* CoreDataStack.swift in Sources */,
				220EDC6B215ACCB7006ABC95 /* SetCollectionViewController.swift in Sources */,
				228FFCC3215D0BF700D82889 /* GroupCollectionViewCell.swift in Sources */,
				220EDC3F215919A3006ABC95 /* CardRep.swift in Sources */,
				228FFCC5215D0C0400D82889 /* SetCollectionViewCell.swift in Sources */,
				220EDC5F215A9922006ABC95 /* LoginViewController.swift in Sources */,
				220EDC77215CEAC0006ABC95 /* CardDetailViewController.swift in Sources */,
				220EDC4F21592B52006ABC95 /* Card+Convenience.swift in Sources */,
				228FFCBF215D0BC800D82889 /* NoParentGroupCollectionViewCell.swift in Sources */,
				220EDC71215BF6B1006ABC95 /* CreateOrganizerAlertController.swift in Sources */,
				220EDC362159194C006ABC95 /* Flashcards.xcdatamodeld in Sources */,
				220EDC47215928BA006ABC95 /* CardController.swift in Sources */,
				220EDC65215AA83C006ABC95 /* SettingsAlertController.swift in Sources */,
				228FFCC7215D58C900D82889 /* AppearanceHelper.swift in Sources */,
				220EDC67215AB0A4006ABC95 /* GroupCollectionViewController.swift in Sources */,
				220EDC2021569E9F006ABC95 /* AppDelegate.swift in Sources */,
			);
			runOnlyForDeploymentPostprocessing = 0;
		};
/* End PBXSourcesBuildPhase section */

/* Begin PBXVariantGroup section */
		220EDC2321569E9F006ABC95 /* Main.storyboard */ = {
			isa = PBXVariantGroup;
			children = (
				220EDC2421569E9F006ABC95 /* Base */,
			);
			name = Main.storyboard;
			sourceTree = "<group>";
		};
		220EDC2821569EA1006ABC95 /* LaunchScreen.storyboard */ = {
			isa = PBXVariantGroup;
			children = (
				220EDC2921569EA1006ABC95 /* Base */,
			);
			name = LaunchScreen.storyboard;
			sourceTree = "<group>";
		};
/* End PBXVariantGroup section */

/* Begin XCBuildConfiguration section */
		220EDC2C21569EA1006ABC95 /* Debug */ = {
			isa = XCBuildConfiguration;
			buildSettings = {
				ALWAYS_SEARCH_USER_PATHS = NO;
				CLANG_ANALYZER_NONNULL = YES;
				CLANG_ANALYZER_NUMBER_OBJECT_CONVERSION = YES_AGGRESSIVE;
				CLANG_CXX_LANGUAGE_STANDARD = "gnu++14";
				CLANG_CXX_LIBRARY = "libc++";
				CLANG_ENABLE_MODULES = YES;
				CLANG_ENABLE_OBJC_ARC = YES;
				CLANG_ENABLE_OBJC_WEAK = YES;
				CLANG_WARN_BLOCK_CAPTURE_AUTORELEASING = YES;
				CLANG_WARN_BOOL_CONVERSION = YES;
				CLANG_WARN_COMMA = YES;
				CLANG_WARN_CONSTANT_CONVERSION = YES;
				CLANG_WARN_DEPRECATED_OBJC_IMPLEMENTATIONS = YES;
				CLANG_WARN_DIRECT_OBJC_ISA_USAGE = YES_ERROR;
				CLANG_WARN_DOCUMENTATION_COMMENTS = YES;
				CLANG_WARN_EMPTY_BODY = YES;
				CLANG_WARN_ENUM_CONVERSION = YES;
				CLANG_WARN_INFINITE_RECURSION = YES;
				CLANG_WARN_INT_CONVERSION = YES;
				CLANG_WARN_NON_LITERAL_NULL_CONVERSION = YES;
				CLANG_WARN_OBJC_IMPLICIT_RETAIN_SELF = YES;
				CLANG_WARN_OBJC_LITERAL_CONVERSION = YES;
				CLANG_WARN_OBJC_ROOT_CLASS = YES_ERROR;
				CLANG_WARN_RANGE_LOOP_ANALYSIS = YES;
				CLANG_WARN_STRICT_PROTOTYPES = YES;
				CLANG_WARN_SUSPICIOUS_MOVE = YES;
				CLANG_WARN_UNGUARDED_AVAILABILITY = YES_AGGRESSIVE;
				CLANG_WARN_UNREACHABLE_CODE = YES;
				CLANG_WARN__DUPLICATE_METHOD_MATCH = YES;
				CODE_SIGN_IDENTITY = "iPhone Developer";
				COPY_PHASE_STRIP = NO;
				DEBUG_INFORMATION_FORMAT = dwarf;
				ENABLE_STRICT_OBJC_MSGSEND = YES;
				ENABLE_TESTABILITY = YES;
				GCC_C_LANGUAGE_STANDARD = gnu11;
				GCC_DYNAMIC_NO_PIC = NO;
				GCC_NO_COMMON_BLOCKS = YES;
				GCC_OPTIMIZATION_LEVEL = 0;
				GCC_PREPROCESSOR_DEFINITIONS = (
					"DEBUG=1",
					"$(inherited)",
				);
				GCC_WARN_64_TO_32_BIT_CONVERSION = YES;
				GCC_WARN_ABOUT_RETURN_TYPE = YES_ERROR;
				GCC_WARN_UNDECLARED_SELECTOR = YES;
				GCC_WARN_UNINITIALIZED_AUTOS = YES_AGGRESSIVE;
				GCC_WARN_UNUSED_FUNCTION = YES;
				GCC_WARN_UNUSED_VARIABLE = YES;
				IPHONEOS_DEPLOYMENT_TARGET = 12.0;
				MTL_ENABLE_DEBUG_INFO = INCLUDE_SOURCE;
				MTL_FAST_MATH = YES;
				ONLY_ACTIVE_ARCH = YES;
				SDKROOT = iphoneos;
				SWIFT_ACTIVE_COMPILATION_CONDITIONS = DEBUG;
				SWIFT_OPTIMIZATION_LEVEL = "-Onone";
			};
			name = Debug;
		};
		220EDC2D21569EA1006ABC95 /* Release */ = {
			isa = XCBuildConfiguration;
			buildSettings = {
				ALWAYS_SEARCH_USER_PATHS = NO;
				CLANG_ANALYZER_NONNULL = YES;
				CLANG_ANALYZER_NUMBER_OBJECT_CONVERSION = YES_AGGRESSIVE;
				CLANG_CXX_LANGUAGE_STANDARD = "gnu++14";
				CLANG_CXX_LIBRARY = "libc++";
				CLANG_ENABLE_MODULES = YES;
				CLANG_ENABLE_OBJC_ARC = YES;
				CLANG_ENABLE_OBJC_WEAK = YES;
				CLANG_WARN_BLOCK_CAPTURE_AUTORELEASING = YES;
				CLANG_WARN_BOOL_CONVERSION = YES;
				CLANG_WARN_COMMA = YES;
				CLANG_WARN_CONSTANT_CONVERSION = YES;
				CLANG_WARN_DEPRECATED_OBJC_IMPLEMENTATIONS = YES;
				CLANG_WARN_DIRECT_OBJC_ISA_USAGE = YES_ERROR;
				CLANG_WARN_DOCUMENTATION_COMMENTS = YES;
				CLANG_WARN_EMPTY_BODY = YES;
				CLANG_WARN_ENUM_CONVERSION = YES;
				CLANG_WARN_INFINITE_RECURSION = YES;
				CLANG_WARN_INT_CONVERSION = YES;
				CLANG_WARN_NON_LITERAL_NULL_CONVERSION = YES;
				CLANG_WARN_OBJC_IMPLICIT_RETAIN_SELF = YES;
				CLANG_WARN_OBJC_LITERAL_CONVERSION = YES;
				CLANG_WARN_OBJC_ROOT_CLASS = YES_ERROR;
				CLANG_WARN_RANGE_LOOP_ANALYSIS = YES;
				CLANG_WARN_STRICT_PROTOTYPES = YES;
				CLANG_WARN_SUSPICIOUS_MOVE = YES;
				CLANG_WARN_UNGUARDED_AVAILABILITY = YES_AGGRESSIVE;
				CLANG_WARN_UNREACHABLE_CODE = YES;
				CLANG_WARN__DUPLICATE_METHOD_MATCH = YES;
				CODE_SIGN_IDENTITY = "iPhone Developer";
				COPY_PHASE_STRIP = NO;
				DEBUG_INFORMATION_FORMAT = "dwarf-with-dsym";
				ENABLE_NS_ASSERTIONS = NO;
				ENABLE_STRICT_OBJC_MSGSEND = YES;
				GCC_C_LANGUAGE_STANDARD = gnu11;
				GCC_NO_COMMON_BLOCKS = YES;
				GCC_WARN_64_TO_32_BIT_CONVERSION = YES;
				GCC_WARN_ABOUT_RETURN_TYPE = YES_ERROR;
				GCC_WARN_UNDECLARED_SELECTOR = YES;
				GCC_WARN_UNINITIALIZED_AUTOS = YES_AGGRESSIVE;
				GCC_WARN_UNUSED_FUNCTION = YES;
				GCC_WARN_UNUSED_VARIABLE = YES;
				IPHONEOS_DEPLOYMENT_TARGET = 12.0;
				MTL_ENABLE_DEBUG_INFO = NO;
				MTL_FAST_MATH = YES;
				SDKROOT = iphoneos;
				SWIFT_COMPILATION_MODE = wholemodule;
				SWIFT_OPTIMIZATION_LEVEL = "-O";
				VALIDATE_PRODUCT = YES;
			};
			name = Release;
		};
		220EDC2F21569EA1006ABC95 /* Debug */ = {
			isa = XCBuildConfiguration;
			baseConfigurationReference = C6DD4F0E37DB3BE61EB7754D /* Pods-Flashcards.debug.xcconfig */;
			buildSettings = {
				ASSETCATALOG_COMPILER_APPICON_NAME = AppIcon;
				CODE_SIGN_STYLE = Automatic;
				DEVELOPMENT_TEAM = 84AK8SAYG2;
				INFOPLIST_FILE = Flashcards/Info.plist;
				LD_RUNPATH_SEARCH_PATHS = (
					"$(inherited)",
					"@executable_path/Frameworks",
				);
				PRODUCT_BUNDLE_IDENTIFIER = com.SamanthaGatt.Flashcards;
				PRODUCT_NAME = "$(TARGET_NAME)";
				SWIFT_VERSION = 4.2;
				TARGETED_DEVICE_FAMILY = "1,2";
			};
			name = Debug;
		};
		220EDC3021569EA1006ABC95 /* Release */ = {
			isa = XCBuildConfiguration;
			baseConfigurationReference = C2C7E74E99AC9317367C38DF /* Pods-Flashcards.release.xcconfig */;
			buildSettings = {
				ASSETCATALOG_COMPILER_APPICON_NAME = AppIcon;
				CODE_SIGN_STYLE = Automatic;
				DEVELOPMENT_TEAM = 84AK8SAYG2;
				INFOPLIST_FILE = Flashcards/Info.plist;
				LD_RUNPATH_SEARCH_PATHS = (
					"$(inherited)",
					"@executable_path/Frameworks",
				);
				PRODUCT_BUNDLE_IDENTIFIER = com.SamanthaGatt.Flashcards;
				PRODUCT_NAME = "$(TARGET_NAME)";
				SWIFT_VERSION = 4.2;
				TARGETED_DEVICE_FAMILY = "1,2";
			};
			name = Release;
		};
/* End XCBuildConfiguration section */

/* Begin XCConfigurationList section */
		220EDC1721569E9F006ABC95 /* Build configuration list for PBXProject "Flashcards" */ = {
			isa = XCConfigurationList;
			buildConfigurations = (
				220EDC2C21569EA1006ABC95 /* Debug */,
				220EDC2D21569EA1006ABC95 /* Release */,
			);
			defaultConfigurationIsVisible = 0;
			defaultConfigurationName = Release;
		};
		220EDC2E21569EA1006ABC95 /* Build configuration list for PBXNativeTarget "Flashcards" */ = {
			isa = XCConfigurationList;
			buildConfigurations = (
				220EDC2F21569EA1006ABC95 /* Debug */,
				220EDC3021569EA1006ABC95 /* Release */,
			);
			defaultConfigurationIsVisible = 0;
			defaultConfigurationName = Release;
		};
/* End XCConfigurationList section */

/* Begin XCVersionGroup section */
		220EDC342159194C006ABC95 /* Flashcards.xcdatamodeld */ = {
			isa = XCVersionGroup;
			children = (
				220EDC352159194C006ABC95 /* Flashcards.xcdatamodel */,
			);
			currentVersion = 220EDC352159194C006ABC95 /* Flashcards.xcdatamodel */;
			path = Flashcards.xcdatamodeld;
			sourceTree = "<group>";
			versionGroupType = wrapper.xcdatamodel;
		};
/* End XCVersionGroup section */
	};
	rootObject = 220EDC1421569E9F006ABC95 /* Project object */;
}
